
Microsoft Visual Studio Solution File, Format Version 12.00
# Visual Studio Version 17
VisualStudioVersion = 17.1.32328.378
MinimumVisualStudioVersion = 10.0.40219.1
Project("{FAE04EC0-301F-11D3-BF4B-00C04F79EFBC}") = "WebApp_UnderTheHood", "WebApp_UnderTheHood\WebApp_UnderTheHood.csproj", "{74834CB3-4A5E-4EE3-9041-DC91C6FF7C7D}"
EndProject
Project("{FAE04EC0-301F-11D3-BF4B-00C04F79EFBC}") = "WebAPI", "WebAPI\WebAPI.csproj", "{78D63937-406A-4E75-841E-4A0558DD6BDD}"
EndProject
Project("{FAE04EC0-301F-11D3-BF4B-00C04F79EFBC}") = "Web_App", "WebApp\Web_App.csproj", "{67B95147-57A2-4A2D-AD9B-8CB38AC9145C}"
EndProject
Global
	GlobalSection(SolutionConfigurationPlatforms) = preSolution
		Debug|Any CPU = Debug|Any CPU
		Release|Any CPU = Release|Any CPU
	EndGlobalSection
	GlobalSection(ProjectConfigurationPlatforms) = postSolution
		{74834CB3-4A5E-4EE3-9041-DC91C6FF7C7D}.Debug|Any CPU.ActiveCfg = Debug|Any CPU
		{74834CB3-4A5E-4EE3-9041-DC91C6FF7C7D}.Debug|Any CPU.Build.0 = Debug|Any CPU
		{74834CB3-4A5E-4EE3-9041-DC91C6FF7C7D}.Release|Any CPU.ActiveCfg = Release|Any CPU
		{74834CB3-4A5E-4EE3-9041-DC91C6FF7C7D}.Release|Any CPU.Build.0 = Release|Any CPU
		{78D63937-406A-4E75-841E-4A0558DD6BDD}.Debug|Any CPU.ActiveCfg = Debug|Any CPU
		{78D63937-406A-4E75-841E-4A0558DD6BDD}.Debug|Any CPU.Build.0 = Debug|Any CPU
		{78D63937-406A-4E75-841E-4A0558DD6BDD}.Release|Any CPU.ActiveCfg = Release|Any CPU
		{78D63937-406A-4E75-841E-4A0558DD6BDD}.Release|Any CPU.Build.0 = Release|Any CPU
		{67B95147-57A2-4A2D-AD9B-8CB38AC9145C}.Debug|Any CPU.ActiveCfg = Debug|Any CPU
		{67B95147-57A2-4A2D-AD9B-8CB38AC9145C}.Debug|Any CPU.Build.0 = Debug|Any CPU
		{67B95147-57A2-4A2D-AD9B-8CB38AC9145C}.Release|Any CPU.ActiveCfg = Release|Any CPU
		{67B95147-57A2-4A2D-AD9B-8CB38AC9145C}.Release|Any CPU.Build.0 = Release|Any CPU
	EndGlobalSection
	GlobalSection(SolutionProperties) = preSolution
		HideSolutionNode = FALSE
	EndGlobalSection
	GlobalSection(ExtensibilityGlobals) = postSolution
		SolutionGuid = {230762B8-17C8-4304-905A-5B5DCB6D8AE9}
	EndGlobalSection
EndGlobal
